
Microsoft Visual Studio Solution File, Format Version 12.00
# Visual Studio Version 16
VisualStudioVersion = 16.0.29728.190
MinimumVisualStudioVersion = 10.0.40219.1
Project("{FAE04EC0-301F-11D3-BF4B-00C04F79EFBC}") = "20-OOP persone e studenti", "20-OOP persone e studenti\20-OOP persone e studenti.csproj", "{576ADDAD-8A00-4011-8B14-3ED70999E581}"
EndProject
Global
	GlobalSection(SolutionConfigurationPlatforms) = preSolution
		Debug|Any CPU = Debug|Any CPU
		Release|Any CPU = Release|Any CPU
	EndGlobalSection
	GlobalSection(ProjectConfigurationPlatforms) = postSolution
		{576ADDAD-8A00-4011-8B14-3ED70999E581}.Debug|Any CPU.ActiveCfg = Debug|Any CPU
		{576ADDAD-8A00-4011-8B14-3ED70999E581}.Debug|Any CPU.Build.0 = Debug|Any CPU
		{576ADDAD-8A00-4011-8B14-3ED70999E581}.Release|Any CPU.ActiveCfg = Release|Any CPU
		{576ADDAD-8A00-4011-8B14-3ED70999E581}.Release|Any CPU.Build.0 = Release|Any CPU
	EndGlobalSection
	GlobalSection(SolutionProperties) = preSolution
		HideSolutionNode = FALSE
	EndGlobalSection
	GlobalSection(ExtensibilityGlobals) = postSolution
		SolutionGuid = {9580AAFF-6809-420A-9210-B2B3D993B21D}
	EndGlobalSection
EndGlobal
