
Microsoft Visual Studio Solution File, Format Version 12.00
# Visual Studio Version 16
VisualStudioVersion = 16.0.29728.190
MinimumVisualStudioVersion = 10.0.40219.1
Project("{FAE04EC0-301F-11D3-BF4B-00C04F79EFBC}") = "17-Progetto guidato", "17-Progetto guidato\17-Progetto guidato.csproj", "{F89E58AC-EC42-403B-B64F-711BC9BB452B}"
EndProject
Global
	GlobalSection(SolutionConfigurationPlatforms) = preSolution
		Debug|Any CPU = Debug|Any CPU
		Release|Any CPU = Release|Any CPU
	EndGlobalSection
	GlobalSection(ProjectConfigurationPlatforms) = postSolution
		{F89E58AC-EC42-403B-B64F-711BC9BB452B}.Debug|Any CPU.ActiveCfg = Debug|Any CPU
		{F89E58AC-EC42-403B-B64F-711BC9BB452B}.Debug|Any CPU.Build.0 = Debug|Any CPU
		{F89E58AC-EC42-403B-B64F-711BC9BB452B}.Release|Any CPU.ActiveCfg = Release|Any CPU
		{F89E58AC-EC42-403B-B64F-711BC9BB452B}.Release|Any CPU.Build.0 = Release|Any CPU
	EndGlobalSection
	GlobalSection(SolutionProperties) = preSolution
		HideSolutionNode = FALSE
	EndGlobalSection
	GlobalSection(ExtensibilityGlobals) = postSolution
		SolutionGuid = {69FB312C-9799-4D12-AB1A-6A607D0AA32F}
	EndGlobalSection
EndGlobal
