
Microsoft Visual Studio Solution File, Format Version 12.00
# Visual Studio Version 16
VisualStudioVersion = 16.0.29728.190
MinimumVisualStudioVersion = 10.0.40219.1
Project("{FAE04EC0-301F-11D3-BF4B-00C04F79EFBC}") = "18-Progetto guidato", "18-Progetto guidato\18-Progetto guidato.csproj", "{FF4F0CEE-AF12-46D3-B58F-A6AAB9180237}"
EndProject
Global
	GlobalSection(SolutionConfigurationPlatforms) = preSolution
		Debug|Any CPU = Debug|Any CPU
		Release|Any CPU = Release|Any CPU
	EndGlobalSection
	GlobalSection(ProjectConfigurationPlatforms) = postSolution
		{FF4F0CEE-AF12-46D3-B58F-A6AAB9180237}.Debug|Any CPU.ActiveCfg = Debug|Any CPU
		{FF4F0CEE-AF12-46D3-B58F-A6AAB9180237}.Debug|Any CPU.Build.0 = Debug|Any CPU
		{FF4F0CEE-AF12-46D3-B58F-A6AAB9180237}.Release|Any CPU.ActiveCfg = Release|Any CPU
		{FF4F0CEE-AF12-46D3-B58F-A6AAB9180237}.Release|Any CPU.Build.0 = Release|Any CPU
	EndGlobalSection
	GlobalSection(SolutionProperties) = preSolution
		HideSolutionNode = FALSE
	EndGlobalSection
	GlobalSection(ExtensibilityGlobals) = postSolution
		SolutionGuid = {B506DA8B-CA50-4BCB-93A5-F72BA5F1530E}
	EndGlobalSection
EndGlobal
